
Microsoft Visual Studio Solution File, Format Version 12.00
# Visual Studio Version 16
VisualStudioVersion = 16.0.31702.278
MinimumVisualStudioVersion = 10.0.40219.1
Project("{FAE04EC0-301F-11D3-BF4B-00C04F79EFBC}") = "WebApplication2", "WebApplication2\WebApplication2.csproj", "{DAAF361B-EAFD-4E3C-B9A5-7B78127F1503}"
EndProject
Global
	GlobalSection(SolutionConfigurationPlatforms) = preSolution
		Debug|Any CPU = Debug|Any CPU
		Release|Any CPU = Release|Any CPU
	EndGlobalSection
	GlobalSection(ProjectConfigurationPlatforms) = postSolution
		{DAAF361B-EAFD-4E3C-B9A5-7B78127F1503}.Debug|Any CPU.ActiveCfg = Debug|Any CPU
		{DAAF361B-EAFD-4E3C-B9A5-7B78127F1503}.Debug|Any CPU.Build.0 = Debug|Any CPU
		{DAAF361B-EAFD-4E3C-B9A5-7B78127F1503}.Release|Any CPU.ActiveCfg = Release|Any CPU
		{DAAF361B-EAFD-4E3C-B9A5-7B78127F1503}.Release|Any CPU.Build.0 = Release|Any CPU
	EndGlobalSection
	GlobalSection(SolutionProperties) = preSolution
		HideSolutionNode = FALSE
	EndGlobalSection
	GlobalSection(ExtensibilityGlobals) = postSolution
		SolutionGuid = {67037E5F-CD28-4D77-81D4-73A1B670F81D}
	EndGlobalSection
EndGlobal
